// !$*UTF8*$!
{
	archiveVersion = 1;
	classes = {
	};
	objectVersion = 50;
	objects = {

/* Begin PBXBuildFile section */
		BC7D03D225DE837000B0554E /* main.cpp in Sources */ = {isa = PBXBuildFile; fileRef = BC7D03D125DE837000B0554E /* main.cpp */; };
		BC7D03EA25E2A3C600B0554E /* main.cpp in Sources */ = {isa = PBXBuildFile; fileRef = BC7D03E925E2A3C600B0554E /* main.cpp */; };
/* End PBXBuildFile section */

/* Begin PBXCopyFilesBuildPhase section */
		BC7D03CD25DE837000B0554E /* CopyFiles */ = {
			isa = PBXCopyFilesBuildPhase;
			buildActionMask = 2147483647;
			dstPath = /usr/share/man/man1/;
			dstSubfolderSpec = 0;
			files = (
			);
			runOnlyForDeploymentPostprocessing = 1;
		};
		BC7D03E525E2A3C600B0554E /* CopyFiles */ = {
			isa = PBXCopyFilesBuildPhase;
			buildActionMask = 2147483647;
			dstPath = /usr/share/man/man1/;
			dstSubfolderSpec = 0;
			files = (
			);
			runOnlyForDeploymentPostprocessing = 1;
		};
/* End PBXCopyFilesBuildPhase section */

/* Begin PBXFileReference section */
		BC7D03CF25DE837000B0554E /* 1_1_replace */ = {isa = PBXFileReference; explicitFileType = "compiled.mach-o.executable"; includeInIndex = 0; path = 1_1_replace; sourceTree = BUILT_PRODUCTS_DIR; };
		BC7D03D125DE837000B0554E /* main.cpp */ = {isa = PBXFileReference; lastKnownFileType = sourcecode.cpp.cpp; path = main.cpp; sourceTree = "<group>"; };
		BC7D03E725E2A3C600B0554E /* 1_2_radix */ = {isa = PBXFileReference; explicitFileType = "compiled.mach-o.executable"; includeInIndex = 0; path = 1_2_radix; sourceTree = BUILT_PRODUCTS_DIR; };
		BC7D03E925E2A3C600B0554E /* main.cpp */ = {isa = PBXFileReference; lastKnownFileType = sourcecode.cpp.cpp; path = main.cpp; sourceTree = "<group>"; };
/* End PBXFileReference section */

/* Begin PBXFrameworksBuildPhase section */
		BC7D03CC25DE837000B0554E /* Frameworks */ = {
			isa = PBXFrameworksBuildPhase;
			buildActionMask = 2147483647;
			files = (
			);
			runOnlyForDeploymentPostprocessing = 0;
		};
		BC7D03E425E2A3C600B0554E /* Frameworks */ = {
			isa = PBXFrameworksBuildPhase;
			buildActionMask = 2147483647;
			files = (
			);
			runOnlyForDeploymentPostprocessing = 0;
		};
/* End PBXFrameworksBuildPhase section */

/* Begin PBXGroup section */
		BC1AB79825DA2E4700C3C197 = {
			isa = PBXGroup;
			children = (
				BC7D03D025DE837000B0554E /* 1_1_replace */,
				BC7D03E825E2A3C600B0554E /* 1_2_radix */,
				BC1AB7A225DA2E4700C3C197 /* Products */,
			);
			sourceTree = "<group>";
		};
		BC1AB7A225DA2E4700C3C197 /* Products */ = {
			isa = PBXGroup;
			children = (
				BC7D03CF25DE837000B0554E /* 1_1_replace */,
				BC7D03E725E2A3C600B0554E /* 1_2_radix */,
			);
			name = Products;
			sourceTree = "<group>";
		};
		BC7D03D025DE837000B0554E /* 1_1_replace */ = {
			isa = PBXGroup;
			children = (
				BC7D03D125DE837000B0554E /* main.cpp */,
			);
			path = 1_1_replace;
			sourceTree = "<group>";
		};
		BC7D03E825E2A3C600B0554E /* 1_2_radix */ = {
			isa = PBXGroup;
			children = (
				BC7D03E925E2A3C600B0554E /* main.cpp */,
			);
			path = 1_2_radix;
			sourceTree = "<group>";
		};
/* End PBXGroup section */

/* Begin PBXNativeTarget section */
		BC7D03CE25DE837000B0554E /* 1_1_replace */ = {
			isa = PBXNativeTarget;
			buildConfigurationList = BC7D03D325DE837000B0554E /* Build configuration list for PBXNativeTarget "1_1_replace" */;
			buildPhases = (
				BC7D03CB25DE837000B0554E /* Sources */,
				BC7D03CC25DE837000B0554E /* Frameworks */,
				BC7D03CD25DE837000B0554E /* CopyFiles */,
			);
			buildRules = (
			);
			dependencies = (
			);
			name = 1_1_replace;
			productName = 1_1_replace;
			productReference = BC7D03CF25DE837000B0554E /* 1_1_replace */;
			productType = "com.apple.product-type.tool";
		};
		BC7D03E625E2A3C600B0554E /* 1_2_radix */ = {
			isa = PBXNativeTarget;
			buildConfigurationList = BC7D03EB25E2A3C600B0554E /* Build configuration list for PBXNativeTarget "1_2_radix" */;
			buildPhases = (
				BC7D03E325E2A3C600B0554E /* Sources */,
				BC7D03E425E2A3C600B0554E /* Frameworks */,
				BC7D03E525E2A3C600B0554E /* CopyFiles */,
			);
			buildRules = (
			);
			dependencies = (
			);
			name = 1_2_radix;
			productName = 1_2_radix;
			productReference = BC7D03E725E2A3C600B0554E /* 1_2_radix */;
			productType = "com.apple.product-type.tool";
		};
/* End PBXNativeTarget section */

/* Begin PBXProject section */
		BC1AB79925DA2E4700C3C197 /* Project object */ = {
			isa = PBXProject;
			attributes = {
				DefaultBuildSystemTypeForWorkspace = Original;
				LastUpgradeCheck = 1170;
				ORGANIZATIONNAME = "Рустам Гайнутдинов";
				TargetAttributes = {
					BC7D03CE25DE837000B0554E = {
						CreatedOnToolsVersion = 11.7;
					};
					BC7D03E625E2A3C600B0554E = {
						CreatedOnToolsVersion = 11.7;
					};
				};
			};
			buildConfigurationList = BC1AB79C25DA2E4700C3C197 /* Build configuration list for PBXProject "oop" */;
			compatibilityVersion = "Xcode 9.3";
			developmentRegion = en;
			hasScannedForEncodings = 0;
			knownRegions = (
				en,
				Base,
			);
			mainGroup = BC1AB79825DA2E4700C3C197;
			productRefGroup = BC1AB7A225DA2E4700C3C197 /* Products */;
			projectDirPath = "";
			projectRoot = "";
			targets = (
				BC7D03CE25DE837000B0554E /* 1_1_replace */,
				BC7D03E625E2A3C600B0554E /* 1_2_radix */,
			);
		};
/* End PBXProject section */

/* Begin PBXSourcesBuildPhase section */
		BC7D03CB25DE837000B0554E /* Sources */ = {
			isa = PBXSourcesBuildPhase;
			buildActionMask = 2147483647;
			files = (
				BC7D03D225DE837000B0554E /* main.cpp in Sources */,
			);
			runOnlyForDeploymentPostprocessing = 0;
		};
		BC7D03E325E2A3C600B0554E /* Sources */ = {
			isa = PBXSourcesBuildPhase;
			buildActionMask = 2147483647;
			files = (
				BC7D03EA25E2A3C600B0554E /* main.cpp in Sources */,
			);
			runOnlyForDeploymentPostprocessing = 0;
		};
/* End PBXSourcesBuildPhase section */

/* Begin XCBuildConfiguration section */
		BC1AB7A625DA2E4700C3C197 /* Debug */ = {
			isa = XCBuildConfiguration;
			buildSettings = {
				ALWAYS_SEARCH_USER_PATHS = NO;
				CLANG_ANALYZER_NONNULL = YES;
				CLANG_ANALYZER_NUMBER_OBJECT_CONVERSION = YES_AGGRESSIVE;
				CLANG_CXX_LANGUAGE_STANDARD = "gnu++14";
				CLANG_CXX_LIBRARY = "libc++";
				CLANG_ENABLE_MODULES = YES;
				CLANG_ENABLE_OBJC_ARC = YES;
				CLANG_ENABLE_OBJC_WEAK = YES;
				CLANG_WARN_BLOCK_CAPTURE_AUTORELEASING = YES;
				CLANG_WARN_BOOL_CONVERSION = YES;
				CLANG_WARN_COMMA = YES;
				CLANG_WARN_CONSTANT_CONVERSION = YES;
				CLANG_WARN_DEPRECATED_OBJC_IMPLEMENTATIONS = YES;
				CLANG_WARN_DIRECT_OBJC_ISA_USAGE = YES_ERROR;
				CLANG_WARN_DOCUMENTATION_COMMENTS = YES;
				CLANG_WARN_EMPTY_BODY = YES;
				CLANG_WARN_ENUM_CONVERSION = YES;
				CLANG_WARN_INFINITE_RECURSION = YES;
				CLANG_WARN_INT_CONVERSION = YES;
				CLANG_WARN_NON_LITERAL_NULL_CONVERSION = YES;
				CLANG_WARN_OBJC_IMPLICIT_RETAIN_SELF = YES;
				CLANG_WARN_OBJC_LITERAL_CONVERSION = YES;
				CLANG_WARN_OBJC_ROOT_CLASS = YES_ERROR;
				CLANG_WARN_RANGE_LOOP_ANALYSIS = YES;
				CLANG_WARN_STRICT_PROTOTYPES = YES;
				CLANG_WARN_SUSPICIOUS_MOVE = YES;
				CLANG_WARN_UNGUARDED_AVAILABILITY = YES_AGGRESSIVE;
				CLANG_WARN_UNREACHABLE_CODE = YES;
				CLANG_WARN__DUPLICATE_METHOD_MATCH = YES;
				COPY_PHASE_STRIP = NO;
				DEBUG_INFORMATION_FORMAT = dwarf;
				ENABLE_STRICT_OBJC_MSGSEND = YES;
				ENABLE_TESTABILITY = YES;
				GCC_C_LANGUAGE_STANDARD = gnu11;
				GCC_DYNAMIC_NO_PIC = NO;
				GCC_NO_COMMON_BLOCKS = YES;
				GCC_OPTIMIZATION_LEVEL = 0;
				GCC_PREPROCESSOR_DEFINITIONS = (
					"DEBUG=1",
					"$(inherited)",
				);
				GCC_WARN_64_TO_32_BIT_CONVERSION = YES;
				GCC_WARN_ABOUT_RETURN_TYPE = YES_ERROR;
				GCC_WARN_UNDECLARED_SELECTOR = YES;
				GCC_WARN_UNINITIALIZED_AUTOS = YES_AGGRESSIVE;
				GCC_WARN_UNUSED_FUNCTION = YES;
				GCC_WARN_UNUSED_VARIABLE = YES;
				MACOSX_DEPLOYMENT_TARGET = 10.15;
				MTL_ENABLE_DEBUG_INFO = INCLUDE_SOURCE;
				MTL_FAST_MATH = YES;
				ONLY_ACTIVE_ARCH = YES;
				SDKROOT = macosx;
			};
			name = Debug;
		};
		BC1AB7A725DA2E4700C3C197 /* Release */ = {
			isa = XCBuildConfiguration;
			buildSettings = {
				ALWAYS_SEARCH_USER_PATHS = NO;
				CLANG_ANALYZER_NONNULL = YES;
				CLANG_ANALYZER_NUMBER_OBJECT_CONVERSION = YES_AGGRESSIVE;
				CLANG_CXX_LANGUAGE_STANDARD = "gnu++14";
				CLANG_CXX_LIBRARY = "libc++";
				CLANG_ENABLE_MODULES = YES;
				CLANG_ENABLE_OBJC_ARC = YES;
				CLANG_ENABLE_OBJC_WEAK = YES;
				CLANG_WARN_BLOCK_CAPTURE_AUTORELEASING = YES;
				CLANG_WARN_BOOL_CONVERSION = YES;
				CLANG_WARN_COMMA = YES;
				CLANG_WARN_CONSTANT_CONVERSION = YES;
				CLANG_WARN_DEPRECATED_OBJC_IMPLEMENTATIONS = YES;
				CLANG_WARN_DIRECT_OBJC_ISA_USAGE = YES_ERROR;
				CLANG_WARN_DOCUMENTATION_COMMENTS = YES;
				CLANG_WARN_EMPTY_BODY = YES;
				CLANG_WARN_ENUM_CONVERSION = YES;
				CLANG_WARN_INFINITE_RECURSION = YES;
				CLANG_WARN_INT_CONVERSION = YES;
				CLANG_WARN_NON_LITERAL_NULL_CONVERSION = YES;
				CLANG_WARN_OBJC_IMPLICIT_RETAIN_SELF = YES;
				CLANG_WARN_OBJC_LITERAL_CONVERSION = YES;
				CLANG_WARN_OBJC_ROOT_CLASS = YES_ERROR;
				CLANG_WARN_RANGE_LOOP_ANALYSIS = YES;
				CLANG_WARN_STRICT_PROTOTYPES = YES;
				CLANG_WARN_SUSPICIOUS_MOVE = YES;
				CLANG_WARN_UNGUARDED_AVAILABILITY = YES_AGGRESSIVE;
				CLANG_WARN_UNREACHABLE_CODE = YES;
				CLANG_WARN__DUPLICATE_METHOD_MATCH = YES;
				COPY_PHASE_STRIP = NO;
				DEBUG_INFORMATION_FORMAT = "dwarf-with-dsym";
				ENABLE_NS_ASSERTIONS = NO;
				ENABLE_STRICT_OBJC_MSGSEND = YES;
				GCC_C_LANGUAGE_STANDARD = gnu11;
				GCC_NO_COMMON_BLOCKS = YES;
				GCC_WARN_64_TO_32_BIT_CONVERSION = YES;
				GCC_WARN_ABOUT_RETURN_TYPE = YES_ERROR;
				GCC_WARN_UNDECLARED_SELECTOR = YES;
				GCC_WARN_UNINITIALIZED_AUTOS = YES_AGGRESSIVE;
				GCC_WARN_UNUSED_FUNCTION = YES;
				GCC_WARN_UNUSED_VARIABLE = YES;
				MACOSX_DEPLOYMENT_TARGET = 10.15;
				MTL_ENABLE_DEBUG_INFO = NO;
				MTL_FAST_MATH = YES;
				SDKROOT = macosx;
			};
			name = Release;
		};
		BC7D03D425DE837000B0554E /* Debug */ = {
			isa = XCBuildConfiguration;
			buildSettings = {
				CODE_SIGN_STYLE = Automatic;
				DEVELOPMENT_TEAM = 2PMG4Y6AKX;
				ENABLE_HARDENED_RUNTIME = YES;
				PRODUCT_NAME = "$(TARGET_NAME)";
			};
			name = Debug;
		};
		BC7D03D525DE837000B0554E /* Release */ = {
			isa = XCBuildConfiguration;
			buildSettings = {
				CODE_SIGN_STYLE = Automatic;
				DEVELOPMENT_TEAM = 2PMG4Y6AKX;
				ENABLE_HARDENED_RUNTIME = YES;
				PRODUCT_NAME = "$(TARGET_NAME)";
			};
			name = Release;
		};
		BC7D03EC25E2A3C600B0554E /* Debug */ = {
			isa = XCBuildConfiguration;
			buildSettings = {
				CODE_SIGN_STYLE = Automatic;
				DEVELOPMENT_TEAM = 2PMG4Y6AKX;
				ENABLE_HARDENED_RUNTIME = YES;
				PRODUCT_NAME = "$(TARGET_NAME)";
			};
			name = Debug;
		};
		BC7D03ED25E2A3C600B0554E /* Release */ = {
			isa = XCBuildConfiguration;
			buildSettings = {
				CODE_SIGN_STYLE = Automatic;
				DEVELOPMENT_TEAM = 2PMG4Y6AKX;
				ENABLE_HARDENED_RUNTIME = YES;
				PRODUCT_NAME = "$(TARGET_NAME)";
			};
			name = Release;
		};
/* End XCBuildConfiguration section */

/* Begin XCConfigurationList section */
		BC1AB79C25DA2E4700C3C197 /* Build configuration list for PBXProject "oop" */ = {
			isa = XCConfigurationList;
			buildConfigurations = (
				BC1AB7A625DA2E4700C3C197 /* Debug */,
				BC1AB7A725DA2E4700C3C197 /* Release */,
			);
			defaultConfigurationIsVisible = 0;
			defaultConfigurationName = Release;
		};
		BC7D03D325DE837000B0554E /* Build configuration list for PBXNativeTarget "1_1_replace" */ = {
			isa = XCConfigurationList;
			buildConfigurations = (
				BC7D03D425DE837000B0554E /* Debug */,
				BC7D03D525DE837000B0554E /* Release */,
			);
			defaultConfigurationIsVisible = 0;
			defaultConfigurationName = Release;
		};
		BC7D03EB25E2A3C600B0554E /* Build configuration list for PBXNativeTarget "1_2_radix" */ = {
			isa = XCConfigurationList;
			buildConfigurations = (
				BC7D03EC25E2A3C600B0554E /* Debug */,
				BC7D03ED25E2A3C600B0554E /* Release */,
			);
			defaultConfigurationIsVisible = 0;
			defaultConfigurationName = Release;
		};
/* End XCConfigurationList section */
	};
	rootObject = BC1AB79925DA2E4700C3C197 /* Project object */;
}
